// !$*UTF8*$!
{
	archiveVersion = 1;
	classes = {
	};
	objectVersion = 50;
	objects = {

/* Begin PBXBuildFile section */
		89330D6525CB37FB008DDC5E /* SpotifyCloneApp.swift in Sources */ = {isa = PBXBuildFile; fileRef = 89330D6425CB37FB008DDC5E /* SpotifyCloneApp.swift */; };
		89330D6725CB37FB008DDC5E /* ContentView.swift in Sources */ = {isa = PBXBuildFile; fileRef = 89330D6625CB37FB008DDC5E /* ContentView.swift */; };
		89330D6925CB37FD008DDC5E /* Assets.xcassets in Resources */ = {isa = PBXBuildFile; fileRef = 89330D6825CB37FD008DDC5E /* Assets.xcassets */; };
		89330D6C25CB37FD008DDC5E /* Preview Assets.xcassets in Resources */ = {isa = PBXBuildFile; fileRef = 89330D6B25CB37FD008DDC5E /* Preview Assets.xcassets */; };
		89330D7725CB37FD008DDC5E /* SpotifyCloneTests.swift in Sources */ = {isa = PBXBuildFile; fileRef = 89330D7625CB37FD008DDC5E /* SpotifyCloneTests.swift */; };
		89330D8225CB37FD008DDC5E /* SpotifyCloneUITests.swift in Sources */ = {isa = PBXBuildFile; fileRef = 89330D8125CB37FD008DDC5E /* SpotifyCloneUITests.swift */; };
		89330D9425CB401F008DDC5E /* BottomNavigationBar.swift in Sources */ = {isa = PBXBuildFile; fileRef = 89330D9325CB401F008DDC5E /* BottomNavigationBar.swift */; };
		89330D9C25CB45E9008DDC5E /* Extensions.swift in Sources */ = {isa = PBXBuildFile; fileRef = 89330D9B25CB45E9008DDC5E /* Extensions.swift */; };
		8945D22325CC903F0051DEA5 /* HomeView.swift in Sources */ = {isa = PBXBuildFile; fileRef = 8945D22225CC903F0051DEA5 /* HomeView.swift */; };
		8945D22B25CC9A620051DEA5 /* PersonalPlaylistCell.swift in Sources */ = {isa = PBXBuildFile; fileRef = 8945D22A25CC9A620051DEA5 /* PersonalPlaylistCell.swift */; };
		8945D23325CCA17D0051DEA5 /* PersonalPlaylistView.swift in Sources */ = {isa = PBXBuildFile; fileRef = 8945D23225CCA17D0051DEA5 /* PersonalPlaylistView.swift */; };
/* End PBXBuildFile section */

/* Begin PBXContainerItemProxy section */
		89330D7325CB37FD008DDC5E /* PBXContainerItemProxy */ = {
			isa = PBXContainerItemProxy;
			containerPortal = 89330D5925CB37FB008DDC5E /* Project object */;
			proxyType = 1;
			remoteGlobalIDString = 89330D6025CB37FB008DDC5E;
			remoteInfo = SpotifyClone;
		};
		89330D7E25CB37FD008DDC5E /* PBXContainerItemProxy */ = {
			isa = PBXContainerItemProxy;
			containerPortal = 89330D5925CB37FB008DDC5E /* Project object */;
			proxyType = 1;
			remoteGlobalIDString = 89330D6025CB37FB008DDC5E;
			remoteInfo = SpotifyClone;
		};
/* End PBXContainerItemProxy section */

/* Begin PBXFileReference section */
		89330D6125CB37FB008DDC5E /* SpotifyClone.app */ = {isa = PBXFileReference; explicitFileType = wrapper.application; includeInIndex = 0; path = SpotifyClone.app; sourceTree = BUILT_PRODUCTS_DIR; };
		89330D6425CB37FB008DDC5E /* SpotifyCloneApp.swift */ = {isa = PBXFileReference; lastKnownFileType = sourcecode.swift; path = SpotifyCloneApp.swift; sourceTree = "<group>"; };
		89330D6625CB37FB008DDC5E /* ContentView.swift */ = {isa = PBXFileReference; lastKnownFileType = sourcecode.swift; path = ContentView.swift; sourceTree = "<group>"; };
		89330D6825CB37FD008DDC5E /* Assets.xcassets */ = {isa = PBXFileReference; lastKnownFileType = folder.assetcatalog; path = Assets.xcassets; sourceTree = "<group>"; };
		89330D6B25CB37FD008DDC5E /* Preview Assets.xcassets */ = {isa = PBXFileReference; lastKnownFileType = folder.assetcatalog; path = "Preview Assets.xcassets"; sourceTree = "<group>"; };
		89330D6D25CB37FD008DDC5E /* Info.plist */ = {isa = PBXFileReference; lastKnownFileType = text.plist.xml; path = Info.plist; sourceTree = "<group>"; };
		89330D7225CB37FD008DDC5E /* SpotifyCloneTests.xctest */ = {isa = PBXFileReference; explicitFileType = wrapper.cfbundle; includeInIndex = 0; path = SpotifyCloneTests.xctest; sourceTree = BUILT_PRODUCTS_DIR; };
		89330D7625CB37FD008DDC5E /* SpotifyCloneTests.swift */ = {isa = PBXFileReference; lastKnownFileType = sourcecode.swift; path = SpotifyCloneTests.swift; sourceTree = "<group>"; };
		89330D7825CB37FD008DDC5E /* Info.plist */ = {isa = PBXFileReference; lastKnownFileType = text.plist.xml; path = Info.plist; sourceTree = "<group>"; };
		89330D7D25CB37FD008DDC5E /* SpotifyCloneUITests.xctest */ = {isa = PBXFileReference; explicitFileType = wrapper.cfbundle; includeInIndex = 0; path = SpotifyCloneUITests.xctest; sourceTree = BUILT_PRODUCTS_DIR; };
		89330D8125CB37FD008DDC5E /* SpotifyCloneUITests.swift */ = {isa = PBXFileReference; lastKnownFileType = sourcecode.swift; path = SpotifyCloneUITests.swift; sourceTree = "<group>"; };
		89330D8325CB37FD008DDC5E /* Info.plist */ = {isa = PBXFileReference; lastKnownFileType = text.plist.xml; path = Info.plist; sourceTree = "<group>"; };
		89330D9325CB401F008DDC5E /* BottomNavigationBar.swift */ = {isa = PBXFileReference; lastKnownFileType = sourcecode.swift; path = BottomNavigationBar.swift; sourceTree = "<group>"; };
		89330D9B25CB45E9008DDC5E /* Extensions.swift */ = {isa = PBXFileReference; lastKnownFileType = sourcecode.swift; path = Extensions.swift; sourceTree = "<group>"; };
		8945D22225CC903F0051DEA5 /* HomeView.swift */ = {isa = PBXFileReference; lastKnownFileType = sourcecode.swift; path = HomeView.swift; sourceTree = "<group>"; };
		8945D22A25CC9A620051DEA5 /* PersonalPlaylistCell.swift */ = {isa = PBXFileReference; lastKnownFileType = sourcecode.swift; path = PersonalPlaylistCell.swift; sourceTree = "<group>"; };
		8945D23225CCA17D0051DEA5 /* PersonalPlaylistView.swift */ = {isa = PBXFileReference; lastKnownFileType = sourcecode.swift; path = PersonalPlaylistView.swift; sourceTree = "<group>"; };
/* End PBXFileReference section */

/* Begin PBXFrameworksBuildPhase section */
		89330D5E25CB37FB008DDC5E /* Frameworks */ = {
			isa = PBXFrameworksBuildPhase;
			buildActionMask = 2147483647;
			files = (
			);
			runOnlyForDeploymentPostprocessing = 0;
		};
		89330D6F25CB37FD008DDC5E /* Frameworks */ = {
			isa = PBXFrameworksBuildPhase;
			buildActionMask = 2147483647;
			files = (
			);
			runOnlyForDeploymentPostprocessing = 0;
		};
		89330D7A25CB37FD008DDC5E /* Frameworks */ = {
			isa = PBXFrameworksBuildPhase;
			buildActionMask = 2147483647;
			files = (
			);
			runOnlyForDeploymentPostprocessing = 0;
		};
/* End PBXFrameworksBuildPhase section */

/* Begin PBXGroup section */
		89330D5825CB37FB008DDC5E = {
			isa = PBXGroup;
			children = (
				89330D6325CB37FB008DDC5E /* SpotifyClone */,
				89330D7525CB37FD008DDC5E /* SpotifyCloneTests */,
				89330D8025CB37FD008DDC5E /* SpotifyCloneUITests */,
				89330D6225CB37FB008DDC5E /* Products */,
			);
			sourceTree = "<group>";
		};
		89330D6225CB37FB008DDC5E /* Products */ = {
			isa = PBXGroup;
			children = (
				89330D6125CB37FB008DDC5E /* SpotifyClone.app */,
				89330D7225CB37FD008DDC5E /* SpotifyCloneTests.xctest */,
				89330D7D25CB37FD008DDC5E /* SpotifyCloneUITests.xctest */,
			);
			name = Products;
			sourceTree = "<group>";
		};
		89330D6325CB37FB008DDC5E /* SpotifyClone */ = {
			isa = PBXGroup;
			children = (
				89330D9225CB3FD8008DDC5E /* Views */,
				89330D6425CB37FB008DDC5E /* SpotifyCloneApp.swift */,
				89330D6625CB37FB008DDC5E /* ContentView.swift */,
				89330D6825CB37FD008DDC5E /* Assets.xcassets */,
				89330D6D25CB37FD008DDC5E /* Info.plist */,
				89330D6A25CB37FD008DDC5E /* Preview Content */,
				89330D9B25CB45E9008DDC5E /* Extensions.swift */,
			);
			path = SpotifyClone;
			sourceTree = "<group>";
		};
		89330D6A25CB37FD008DDC5E /* Preview Content */ = {
			isa = PBXGroup;
			children = (
				89330D6B25CB37FD008DDC5E /* Preview Assets.xcassets */,
			);
			path = "Preview Content";
			sourceTree = "<group>";
		};
		89330D7525CB37FD008DDC5E /* SpotifyCloneTests */ = {
			isa = PBXGroup;
			children = (
				89330D7625CB37FD008DDC5E /* SpotifyCloneTests.swift */,
				89330D7825CB37FD008DDC5E /* Info.plist */,
			);
			path = SpotifyCloneTests;
			sourceTree = "<group>";
		};
		89330D8025CB37FD008DDC5E /* SpotifyCloneUITests */ = {
			isa = PBXGroup;
			children = (
				89330D8125CB37FD008DDC5E /* SpotifyCloneUITests.swift */,
				89330D8325CB37FD008DDC5E /* Info.plist */,
			);
			path = SpotifyCloneUITests;
			sourceTree = "<group>";
		};
		89330D9225CB3FD8008DDC5E /* Views */ = {
			isa = PBXGroup;
			children = (
				8945D22125CC90340051DEA5 /* HomeView */,
				8945D22025CC90220051DEA5 /* GeneralViews */,
			);
			path = Views;
			sourceTree = "<group>";
		};
		8945D22025CC90220051DEA5 /* GeneralViews */ = {
			isa = PBXGroup;
			children = (
				89330D9325CB401F008DDC5E /* BottomNavigationBar.swift */,
			);
			path = GeneralViews;
			sourceTree = "<group>";
		};
		8945D22125CC90340051DEA5 /* HomeView */ = {
			isa = PBXGroup;
			children = (
				8945D22225CC903F0051DEA5 /* HomeView.swift */,
				8945D22A25CC9A620051DEA5 /* PersonalPlaylistCell.swift */,
				8945D23225CCA17D0051DEA5 /* PersonalPlaylistView.swift */,
			);
			path = HomeView;
			sourceTree = "<group>";
		};
/* End PBXGroup section */

/* Begin PBXNativeTarget section */
		89330D6025CB37FB008DDC5E /* SpotifyClone */ = {
			isa = PBXNativeTarget;
			buildConfigurationList = 89330D8625CB37FD008DDC5E /* Build configuration list for PBXNativeTarget "SpotifyClone" */;
			buildPhases = (
				89330D5D25CB37FB008DDC5E /* Sources */,
				89330D5E25CB37FB008DDC5E /* Frameworks */,
				89330D5F25CB37FB008DDC5E /* Resources */,
			);
			buildRules = (
			);
			dependencies = (
			);
			name = SpotifyClone;
			productName = SpotifyClone;
			productReference = 89330D6125CB37FB008DDC5E /* SpotifyClone.app */;
			productType = "com.apple.product-type.application";
		};
		89330D7125CB37FD008DDC5E /* SpotifyCloneTests */ = {
			isa = PBXNativeTarget;
			buildConfigurationList = 89330D8925CB37FD008DDC5E /* Build configuration list for PBXNativeTarget "SpotifyCloneTests" */;
			buildPhases = (
				89330D6E25CB37FD008DDC5E /* Sources */,
				89330D6F25CB37FD008DDC5E /* Frameworks */,
				89330D7025CB37FD008DDC5E /* Resources */,
			);
			buildRules = (
			);
			dependencies = (
				89330D7425CB37FD008DDC5E /* PBXTargetDependency */,
			);
			name = SpotifyCloneTests;
			productName = SpotifyCloneTests;
			productReference = 89330D7225CB37FD008DDC5E /* SpotifyCloneTests.xctest */;
			productType = "com.apple.product-type.bundle.unit-test";
		};
		89330D7C25CB37FD008DDC5E /* SpotifyCloneUITests */ = {
			isa = PBXNativeTarget;
			buildConfigurationList = 89330D8C25CB37FD008DDC5E /* Build configuration list for PBXNativeTarget "SpotifyCloneUITests" */;
			buildPhases = (
				89330D7925CB37FD008DDC5E /* Sources */,
				89330D7A25CB37FD008DDC5E /* Frameworks */,
				89330D7B25CB37FD008DDC5E /* Resources */,
			);
			buildRules = (
			);
			dependencies = (
				89330D7F25CB37FD008DDC5E /* PBXTargetDependency */,
			);
			name = SpotifyCloneUITests;
			productName = SpotifyCloneUITests;
			productReference = 89330D7D25CB37FD008DDC5E /* SpotifyCloneUITests.xctest */;
			productType = "com.apple.product-type.bundle.ui-testing";
		};
/* End PBXNativeTarget section */

/* Begin PBXProject section */
		89330D5925CB37FB008DDC5E /* Project object */ = {
			isa = PBXProject;
			attributes = {
				LastSwiftUpdateCheck = 1230;
				LastUpgradeCheck = 1230;
				TargetAttributes = {
					89330D6025CB37FB008DDC5E = {
						CreatedOnToolsVersion = 12.3;
					};
					89330D7125CB37FD008DDC5E = {
						CreatedOnToolsVersion = 12.3;
						TestTargetID = 89330D6025CB37FB008DDC5E;
					};
					89330D7C25CB37FD008DDC5E = {
						CreatedOnToolsVersion = 12.3;
						TestTargetID = 89330D6025CB37FB008DDC5E;
					};
				};
			};
			buildConfigurationList = 89330D5C25CB37FB008DDC5E /* Build configuration list for PBXProject "SpotifyClone" */;
			compatibilityVersion = "Xcode 9.3";
			developmentRegion = en;
			hasScannedForEncodings = 0;
			knownRegions = (
				en,
				Base,
			);
			mainGroup = 89330D5825CB37FB008DDC5E;
			productRefGroup = 89330D6225CB37FB008DDC5E /* Products */;
			projectDirPath = "";
			projectRoot = "";
			targets = (
				89330D6025CB37FB008DDC5E /* SpotifyClone */,
				89330D7125CB37FD008DDC5E /* SpotifyCloneTests */,
				89330D7C25CB37FD008DDC5E /* SpotifyCloneUITests */,
			);
		};
/* End PBXProject section */

/* Begin PBXResourcesBuildPhase section */
		89330D5F25CB37FB008DDC5E /* Resources */ = {
			isa = PBXResourcesBuildPhase;
			buildActionMask = 2147483647;
			files = (
				89330D6C25CB37FD008DDC5E /* Preview Assets.xcassets in Resources */,
				89330D6925CB37FD008DDC5E /* Assets.xcassets in Resources */,
			);
			runOnlyForDeploymentPostprocessing = 0;
		};
		89330D7025CB37FD008DDC5E /* Resources */ = {
			isa = PBXResourcesBuildPhase;
			buildActionMask = 2147483647;
			files = (
			);
			runOnlyForDeploymentPostprocessing = 0;
		};
		89330D7B25CB37FD008DDC5E /* Resources */ = {
			isa = PBXResourcesBuildPhase;
			buildActionMask = 2147483647;
			files = (
			);
			runOnlyForDeploymentPostprocessing = 0;
		};
/* End PBXResourcesBuildPhase section */

/* Begin PBXSourcesBuildPhase section */
		89330D5D25CB37FB008DDC5E /* Sources */ = {
			isa = PBXSourcesBuildPhase;
			buildActionMask = 2147483647;
			files = (
				8945D23325CCA17D0051DEA5 /* PersonalPlaylistView.swift in Sources */,
				89330D9425CB401F008DDC5E /* BottomNavigationBar.swift in Sources */,
				89330D6725CB37FB008DDC5E /* ContentView.swift in Sources */,
				89330D6525CB37FB008DDC5E /* SpotifyCloneApp.swift in Sources */,
				8945D22B25CC9A620051DEA5 /* PersonalPlaylistCell.swift in Sources */,
				8945D22325CC903F0051DEA5 /* HomeView.swift in Sources */,
				89330D9C25CB45E9008DDC5E /* Extensions.swift in Sources */,
			);
			runOnlyForDeploymentPostprocessing = 0;
		};
		89330D6E25CB37FD008DDC5E /* Sources */ = {
			isa = PBXSourcesBuildPhase;
			buildActionMask = 2147483647;
			files = (
				89330D7725CB37FD008DDC5E /* SpotifyCloneTests.swift in Sources */,
			);
			runOnlyForDeploymentPostprocessing = 0;
		};
		89330D7925CB37FD008DDC5E /* Sources */ = {
			isa = PBXSourcesBuildPhase;
			buildActionMask = 2147483647;
			files = (
				89330D8225CB37FD008DDC5E /* SpotifyCloneUITests.swift in Sources */,
			);
			runOnlyForDeploymentPostprocessing = 0;
		};
/* End PBXSourcesBuildPhase section */

/* Begin PBXTargetDependency section */
		89330D7425CB37FD008DDC5E /* PBXTargetDependency */ = {
			isa = PBXTargetDependency;
			target = 89330D6025CB37FB008DDC5E /* SpotifyClone */;
			targetProxy = 89330D7325CB37FD008DDC5E /* PBXContainerItemProxy */;
		};
		89330D7F25CB37FD008DDC5E /* PBXTargetDependency */ = {
			isa = PBXTargetDependency;
			target = 89330D6025CB37FB008DDC5E /* SpotifyClone */;
			targetProxy = 89330D7E25CB37FD008DDC5E /* PBXContainerItemProxy */;
		};
/* End PBXTargetDependency section */

/* Begin XCBuildConfiguration section */
		89330D8425CB37FD008DDC5E /* Debug */ = {
			isa = XCBuildConfiguration;
			buildSettings = {
				ALWAYS_SEARCH_USER_PATHS = NO;
				CLANG_ANALYZER_NONNULL = YES;
				CLANG_ANALYZER_NUMBER_OBJECT_CONVERSION = YES_AGGRESSIVE;
				CLANG_CXX_LANGUAGE_STANDARD = "gnu++14";
				CLANG_CXX_LIBRARY = "libc++";
				CLANG_ENABLE_MODULES = YES;
				CLANG_ENABLE_OBJC_ARC = YES;
				CLANG_ENABLE_OBJC_WEAK = YES;
				CLANG_WARN_BLOCK_CAPTURE_AUTORELEASING = YES;
				CLANG_WARN_BOOL_CONVERSION = YES;
				CLANG_WARN_COMMA = YES;
				CLANG_WARN_CONSTANT_CONVERSION = YES;
				CLANG_WARN_DEPRECATED_OBJC_IMPLEMENTATIONS = YES;
				CLANG_WARN_DIRECT_OBJC_ISA_USAGE = YES_ERROR;
				CLANG_WARN_DOCUMENTATION_COMMENTS = YES;
				CLANG_WARN_EMPTY_BODY = YES;
				CLANG_WARN_ENUM_CONVERSION = YES;
				CLANG_WARN_INFINITE_RECURSION = YES;
				CLANG_WARN_INT_CONVERSION = YES;
				CLANG_WARN_NON_LITERAL_NULL_CONVERSION = YES;
				CLANG_WARN_OBJC_IMPLICIT_RETAIN_SELF = YES;
				CLANG_WARN_OBJC_LITERAL_CONVERSION = YES;
				CLANG_WARN_OBJC_ROOT_CLASS = YES_ERROR;
				CLANG_WARN_QUOTED_INCLUDE_IN_FRAMEWORK_HEADER = YES;
				CLANG_WARN_RANGE_LOOP_ANALYSIS = YES;
				CLANG_WARN_STRICT_PROTOTYPES = YES;
				CLANG_WARN_SUSPICIOUS_MOVE = YES;
				CLANG_WARN_UNGUARDED_AVAILABILITY = YES_AGGRESSIVE;
				CLANG_WARN_UNREACHABLE_CODE = YES;
				CLANG_WARN__DUPLICATE_METHOD_MATCH = YES;
				COPY_PHASE_STRIP = NO;
				DEBUG_INFORMATION_FORMAT = dwarf;
				ENABLE_STRICT_OBJC_MSGSEND = YES;
				ENABLE_TESTABILITY = YES;
				GCC_C_LANGUAGE_STANDARD = gnu11;
				GCC_DYNAMIC_NO_PIC = NO;
				GCC_NO_COMMON_BLOCKS = YES;
				GCC_OPTIMIZATION_LEVEL = 0;
				GCC_PREPROCESSOR_DEFINITIONS = (
					"DEBUG=1",
					"$(inherited)",
				);
				GCC_WARN_64_TO_32_BIT_CONVERSION = YES;
				GCC_WARN_ABOUT_RETURN_TYPE = YES_ERROR;
				GCC_WARN_UNDECLARED_SELECTOR = YES;
				GCC_WARN_UNINITIALIZED_AUTOS = YES_AGGRESSIVE;
				GCC_WARN_UNUSED_FUNCTION = YES;
				GCC_WARN_UNUSED_VARIABLE = YES;
				IPHONEOS_DEPLOYMENT_TARGET = 14.3;
				MTL_ENABLE_DEBUG_INFO = INCLUDE_SOURCE;
				MTL_FAST_MATH = YES;
				ONLY_ACTIVE_ARCH = YES;
				SDKROOT = iphoneos;
				SWIFT_ACTIVE_COMPILATION_CONDITIONS = DEBUG;
				SWIFT_OPTIMIZATION_LEVEL = "-Onone";
			};
			name = Debug;
		};
		89330D8525CB37FD008DDC5E /* Release */ = {
			isa = XCBuildConfiguration;
			buildSettings = {
				ALWAYS_SEARCH_USER_PATHS = NO;
				CLANG_ANALYZER_NONNULL = YES;
				CLANG_ANALYZER_NUMBER_OBJECT_CONVERSION = YES_AGGRESSIVE;
				CLANG_CXX_LANGUAGE_STANDARD = "gnu++14";
				CLANG_CXX_LIBRARY = "libc++";
				CLANG_ENABLE_MODULES = YES;
				CLANG_ENABLE_OBJC_ARC = YES;
				CLANG_ENABLE_OBJC_WEAK = YES;
				CLANG_WARN_BLOCK_CAPTURE_AUTORELEASING = YES;
				CLANG_WARN_BOOL_CONVERSION = YES;
				CLANG_WARN_COMMA = YES;
				CLANG_WARN_CONSTANT_CONVERSION = YES;
				CLANG_WARN_DEPRECATED_OBJC_IMPLEMENTATIONS = YES;
				CLANG_WARN_DIRECT_OBJC_ISA_USAGE = YES_ERROR;
				CLANG_WARN_DOCUMENTATION_COMMENTS = YES;
				CLANG_WARN_EMPTY_BODY = YES;
				CLANG_WARN_ENUM_CONVERSION = YES;
				CLANG_WARN_INFINITE_RECURSION = YES;
				CLANG_WARN_INT_CONVERSION = YES;
				CLANG_WARN_NON_LITERAL_NULL_CONVERSION = YES;
				CLANG_WARN_OBJC_IMPLICIT_RETAIN_SELF = YES;
				CLANG_WARN_OBJC_LITERAL_CONVERSION = YES;
				CLANG_WARN_OBJC_ROOT_CLASS = YES_ERROR;
				CLANG_WARN_QUOTED_INCLUDE_IN_FRAMEWORK_HEADER = YES;
				CLANG_WARN_RANGE_LOOP_ANALYSIS = YES;
				CLANG_WARN_STRICT_PROTOTYPES = YES;
				CLANG_WARN_SUSPICIOUS_MOVE = YES;
				CLANG_WARN_UNGUARDED_AVAILABILITY = YES_AGGRESSIVE;
				CLANG_WARN_UNREACHABLE_CODE = YES;
				CLANG_WARN__DUPLICATE_METHOD_MATCH = YES;
				COPY_PHASE_STRIP = NO;
				DEBUG_INFORMATION_FORMAT = "dwarf-with-dsym";
				ENABLE_NS_ASSERTIONS = NO;
				ENABLE_STRICT_OBJC_MSGSEND = YES;
				GCC_C_LANGUAGE_STANDARD = gnu11;
				GCC_NO_COMMON_BLOCKS = YES;
				GCC_WARN_64_TO_32_BIT_CONVERSION = YES;
				GCC_WARN_ABOUT_RETURN_TYPE = YES_ERROR;
				GCC_WARN_UNDECLARED_SELECTOR = YES;
				GCC_WARN_UNINITIALIZED_AUTOS = YES_AGGRESSIVE;
				GCC_WARN_UNUSED_FUNCTION = YES;
				GCC_WARN_UNUSED_VARIABLE = YES;
				IPHONEOS_DEPLOYMENT_TARGET = 14.3;
				MTL_ENABLE_DEBUG_INFO = NO;
				MTL_FAST_MATH = YES;
				SDKROOT = iphoneos;
				SWIFT_COMPILATION_MODE = wholemodule;
				SWIFT_OPTIMIZATION_LEVEL = "-O";
				VALIDATE_PRODUCT = YES;
			};
			name = Release;
		};
		89330D8725CB37FD008DDC5E /* Debug */ = {
			isa = XCBuildConfiguration;
			buildSettings = {
				ASSETCATALOG_COMPILER_APPICON_NAME = AppIcon;
				ASSETCATALOG_COMPILER_GLOBAL_ACCENT_COLOR_NAME = AccentColor;
				CODE_SIGN_STYLE = Automatic;
				DEVELOPMENT_ASSET_PATHS = "\"SpotifyClone/Preview Content\"";
				DEVELOPMENT_TEAM = FA4CYT5B2K;
				ENABLE_PREVIEWS = YES;
				INFOPLIST_FILE = SpotifyClone/Info.plist;
				IPHONEOS_DEPLOYMENT_TARGET = 14.0;
				LD_RUNPATH_SEARCH_PATHS = (
					"$(inherited)",
					"@executable_path/Frameworks",
				);
				PRODUCT_BUNDLE_IDENTIFIER = com.myproject.SpotifyClone;
				PRODUCT_NAME = "$(TARGET_NAME)";
				SWIFT_VERSION = 5.0;
				TARGETED_DEVICE_FAMILY = "1,2";
			};
			name = Debug;
		};
		89330D8825CB37FD008DDC5E /* Release */ = {
			isa = XCBuildConfiguration;
			buildSettings = {
				ASSETCATALOG_COMPILER_APPICON_NAME = AppIcon;
				ASSETCATALOG_COMPILER_GLOBAL_ACCENT_COLOR_NAME = AccentColor;
				CODE_SIGN_STYLE = Automatic;
				DEVELOPMENT_ASSET_PATHS = "\"SpotifyClone/Preview Content\"";
				DEVELOPMENT_TEAM = FA4CYT5B2K;
				ENABLE_PREVIEWS = YES;
				INFOPLIST_FILE = SpotifyClone/Info.plist;
				IPHONEOS_DEPLOYMENT_TARGET = 14.0;
				LD_RUNPATH_SEARCH_PATHS = (
					"$(inherited)",
					"@executable_path/Frameworks",
				);
				PRODUCT_BUNDLE_IDENTIFIER = com.myproject.SpotifyClone;
				PRODUCT_NAME = "$(TARGET_NAME)";
				SWIFT_VERSION = 5.0;
				TARGETED_DEVICE_FAMILY = "1,2";
			};
			name = Release;
		};
		89330D8A25CB37FD008DDC5E /* Debug */ = {
			isa = XCBuildConfiguration;
			buildSettings = {
				ALWAYS_EMBED_SWIFT_STANDARD_LIBRARIES = YES;
				BUNDLE_LOADER = "$(TEST_HOST)";
				CODE_SIGN_STYLE = Automatic;
				DEVELOPMENT_TEAM = FA4CYT5B2K;
				INFOPLIST_FILE = SpotifyCloneTests/Info.plist;
				IPHONEOS_DEPLOYMENT_TARGET = 14.0;
				LD_RUNPATH_SEARCH_PATHS = (
					"$(inherited)",
					"@executable_path/Frameworks",
					"@loader_path/Frameworks",
				);
				PRODUCT_BUNDLE_IDENTIFIER = com.myproject.SpotifyCloneTests;
				PRODUCT_NAME = "$(TARGET_NAME)";
				SWIFT_VERSION = 5.0;
				TARGETED_DEVICE_FAMILY = "1,2";
				TEST_HOST = "$(BUILT_PRODUCTS_DIR)/SpotifyClone.app/SpotifyClone";
			};
			name = Debug;
		};
		89330D8B25CB37FD008DDC5E /* Release */ = {
			isa = XCBuildConfiguration;
			buildSettings = {
				ALWAYS_EMBED_SWIFT_STANDARD_LIBRARIES = YES;
				BUNDLE_LOADER = "$(TEST_HOST)";
				CODE_SIGN_STYLE = Automatic;
				DEVELOPMENT_TEAM = FA4CYT5B2K;
				INFOPLIST_FILE = SpotifyCloneTests/Info.plist;
				IPHONEOS_DEPLOYMENT_TARGET = 14.0;
				LD_RUNPATH_SEARCH_PATHS = (
					"$(inherited)",
					"@executable_path/Frameworks",
					"@loader_path/Frameworks",
				);
				PRODUCT_BUNDLE_IDENTIFIER = com.myproject.SpotifyCloneTests;
				PRODUCT_NAME = "$(TARGET_NAME)";
				SWIFT_VERSION = 5.0;
				TARGETED_DEVICE_FAMILY = "1,2";
				TEST_HOST = "$(BUILT_PRODUCTS_DIR)/SpotifyClone.app/SpotifyClone";
			};
			name = Release;
		};
		89330D8D25CB37FD008DDC5E /* Debug */ = {
			isa = XCBuildConfiguration;
			buildSettings = {
				ALWAYS_EMBED_SWIFT_STANDARD_LIBRARIES = YES;
				CODE_SIGN_STYLE = Automatic;
				DEVELOPMENT_TEAM = FA4CYT5B2K;
				INFOPLIST_FILE = SpotifyCloneUITests/Info.plist;
				LD_RUNPATH_SEARCH_PATHS = (
					"$(inherited)",
					"@executable_path/Frameworks",
					"@loader_path/Frameworks",
				);
				PRODUCT_BUNDLE_IDENTIFIER = com.myproject.SpotifyCloneUITests;
				PRODUCT_NAME = "$(TARGET_NAME)";
				SWIFT_VERSION = 5.0;
				TARGETED_DEVICE_FAMILY = "1,2";
				TEST_TARGET_NAME = SpotifyClone;
			};
			name = Debug;
		};
		89330D8E25CB37FD008DDC5E /* Release */ = {
			isa = XCBuildConfiguration;
			buildSettings = {
				ALWAYS_EMBED_SWIFT_STANDARD_LIBRARIES = YES;
				CODE_SIGN_STYLE = Automatic;
				DEVELOPMENT_TEAM = FA4CYT5B2K;
				INFOPLIST_FILE = SpotifyCloneUITests/Info.plist;
				LD_RUNPATH_SEARCH_PATHS = (
					"$(inherited)",
					"@executable_path/Frameworks",
					"@loader_path/Frameworks",
				);
				PRODUCT_BUNDLE_IDENTIFIER = com.myproject.SpotifyCloneUITests;
				PRODUCT_NAME = "$(TARGET_NAME)";
				SWIFT_VERSION = 5.0;
				TARGETED_DEVICE_FAMILY = "1,2";
				TEST_TARGET_NAME = SpotifyClone;
			};
			name = Release;
		};
/* End XCBuildConfiguration section */

/* Begin XCConfigurationList section */
		89330D5C25CB37FB008DDC5E /* Build configuration list for PBXProject "SpotifyClone" */ = {
			isa = XCConfigurationList;
			buildConfigurations = (
				89330D8425CB37FD008DDC5E /* Debug */,
				89330D8525CB37FD008DDC5E /* Release */,
			);
			defaultConfigurationIsVisible = 0;
			defaultConfigurationName = Release;
		};
		89330D8625CB37FD008DDC5E /* Build configuration list for PBXNativeTarget "SpotifyClone" */ = {
			isa = XCConfigurationList;
			buildConfigurations = (
				89330D8725CB37FD008DDC5E /* Debug */,
				89330D8825CB37FD008DDC5E /* Release */,
			);
			defaultConfigurationIsVisible = 0;
			defaultConfigurationName = Release;
		};
		89330D8925CB37FD008DDC5E /* Build configuration list for PBXNativeTarget "SpotifyCloneTests" */ = {
			isa = XCConfigurationList;
			buildConfigurations = (
				89330D8A25CB37FD008DDC5E /* Debug */,
				89330D8B25CB37FD008DDC5E /* Release */,
			);
			defaultConfigurationIsVisible = 0;
			defaultConfigurationName = Release;
		};
		89330D8C25CB37FD008DDC5E /* Build configuration list for PBXNativeTarget "SpotifyCloneUITests" */ = {
			isa = XCConfigurationList;
			buildConfigurations = (
				89330D8D25CB37FD008DDC5E /* Debug */,
				89330D8E25CB37FD008DDC5E /* Release */,
			);
			defaultConfigurationIsVisible = 0;
			defaultConfigurationName = Release;
		};
/* End XCConfigurationList section */
	};
	rootObject = 89330D5925CB37FB008DDC5E /* Project object */;
}
